<?xml version="1.0" encoding="utf-8"?>
<Project ToolsVersion="4.0" xmlns="http://schemas.microsoft.com/developer/msbuild/2003">
  <ItemGroup>
    <Filter Include="General">
      <UniqueIdentifier>{4FC737F1-C7A5-4376-A066-2A32D752A2FF}</UniqueIdentifier>
      <Extensions>
      </Extensions>
    </Filter>
  </ItemGroup>
  <ItemGroup>
    <ClCompile Include="Main_Win32.cpp">
      <Filter>General</Filter>
    </ClCompile>
    <ClCompile Include="TheGame.cpp">
      <Filter>General</Filter>
    </ClCompile>
    <ClCompile Include="Camera3D.cpp">
      <Filter>General</Filter>
    </ClCompile>
    <ClCompile Include="Block.cpp">
      <Filter>General</Filter>
    </ClCompile>
    <ClCompile Include="Chunk.cpp">
      <Filter>General</Filter>
    </ClCompile>
    <ClCompile Include="World.cpp">
      <Filter>General</Filter>
    </ClCompile>
    <ClCompile Include="BlockDefinition.cpp">
      <Filter>General</Filter>
    </ClCompile>
    <ClCompile Include="BlockInfo.cpp">
      <Filter>General</Filter>
    </ClCompile>
    <ClCompile Include="Player.cpp">
      <Filter>General</Filter>
    </ClCompile>
    <ClCompile Include="BlockFace.cpp">
      <Filter>General</Filter>
    </ClCompile>
    <ClCompile Include="GameCommon.cpp">
      <Filter>General</Filter>
    </ClCompile>
    <ClCompile Include="TheApp.cpp">
      <Filter>General</Filter>
    </ClCompile>
    <ClCompile Include="ParticleSystem.cpp">
      <Filter>General</Filter>
    </ClCompile>
    <ClCompile Include="Generator.cpp">
      <Filter>General</Filter>
    </ClCompile>
    <ClCompile Include="Portal.cpp">
      <Filter>General</Filter>
    </ClCompile>
  </ItemGroup>
  <ItemGroup>
    <ClInclude Include="TheGame.hpp">
      <Filter>General</Filter>
    </ClInclude>
    <ClInclude Include="Camera3D.hpp">
      <Filter>General</Filter>
    </ClInclude>
    <ClInclude Include="Block.hpp">
      <Filter>General</Filter>
    </ClInclude>
    <ClInclude Include="Chunk.hpp">
      <Filter>General</Filter>
    </ClInclude>
    <ClInclude Include="GameCommon.hpp">
      <Filter>General</Filter>
    </ClInclude>
    <ClInclude Include="World.hpp">
      <Filter>General</Filter>
    </ClInclude>
    <ClInclude Include="BlockDefinition.h">
      <Filter>General</Filter>
    </ClInclude>
    <ClInclude Include="BlockInfo.hpp">
      <Filter>General</Filter>
    </ClInclude>
    <ClInclude Include="Player.hpp">
      <Filter>General</Filter>
    </ClInclude>
    <ClInclude Include="BlockFace.hpp">
      <Filter>General</Filter>
    </ClInclude>
    <ClInclude Include="TheApp.hpp">
      <Filter>General</Filter>
    </ClInclude>
    <ClInclude Include="ParticleSystem.hpp">
      <Filter>General</Filter>
    </ClInclude>
    <ClInclude Include="Generator.hpp">
      <Filter>General</Filter>
    </ClInclude>
    <ClInclude Include="Portal.hpp">
      <Filter>General</Filter>
    </ClInclude>
  </ItemGroup>
  <ItemGroup>
    <None Include="BlockInfo.inl">
      <Filter>General</Filter>
    </None>
    <None Include="Chunk.inl">
      <Filter>General</Filter>
    </None>
    <None Include="World.inl">
      <Filter>General</Filter>
    </None>
    <None Include="Block.inl">
      <Filter>General</Filter>
    </None>
  </ItemGroup>
</Project>