<?xml version="1.0" encoding="utf-8"?>
<Project ToolsVersion="4.0" xmlns="http://schemas.microsoft.com/developer/msbuild/2003">
  <ItemGroup>
    <Filter Include="ThirdParty">
      <UniqueIdentifier>{30accf82-4710-4dbc-976e-4dfa101ac5fd}</UniqueIdentifier>
    </Filter>
    <Filter Include="Engine">
      <UniqueIdentifier>{cd95ec4f-4208-4494-9134-6125085e3f7a}</UniqueIdentifier>
    </Filter>
    <Filter Include="Engine\Renderer">
      <UniqueIdentifier>{50bb38d6-4a0c-47c9-9e30-6657691082ed}</UniqueIdentifier>
    </Filter>
    <Filter Include="Engine\Time">
      <UniqueIdentifier>{4FC737F1-C7A5-4376-A066-2A32D752A2FF}</UniqueIdentifier>
      <Extensions>
      </Extensions>
    </Filter>
    <Filter Include="Engine\Tools">
      <UniqueIdentifier>{a33061bc-c828-465b-8006-d8f94ba2fe74}</UniqueIdentifier>
    </Filter>
    <Filter Include="Engine\Math">
      <UniqueIdentifier>{88f42091-ea17-47f9-ae2c-5eeb41ce54d0}</UniqueIdentifier>
    </Filter>
    <Filter Include="Engine\Input">
      <UniqueIdentifier>{05f603c8-10f6-4308-bea5-bba5a30ffbbe}</UniqueIdentifier>
    </Filter>
    <Filter Include="Engine\Core">
      <UniqueIdentifier>{ea8e1486-d975-471e-8707-b59712ce11ff}</UniqueIdentifier>
    </Filter>
    <Filter Include="Engine\Audio">
      <UniqueIdentifier>{cb8eb1c2-a712-474f-8fa7-b37bc559c347}</UniqueIdentifier>
    </Filter>
    <Filter Include="ThirdParty\Parsers">
      <UniqueIdentifier>{d5623794-b229-462f-bc0a-69a30da49b02}</UniqueIdentifier>
    </Filter>
    <Filter Include="Engine\TextRendering">
      <UniqueIdentifier>{d372a83a-ef56-4116-b49a-c12ad2e02ac7}</UniqueIdentifier>
    </Filter>
    <Filter Include="Engine\Core\Memory">
      <UniqueIdentifier>{6986eaf3-b631-4cd8-b645-2b7905c70be5}</UniqueIdentifier>
    </Filter>
  </ItemGroup>
  <ItemGroup>
    <ClCompile Include="Math\Vector2.cpp">
      <Filter>Engine\Math</Filter>
    </ClCompile>
    <ClCompile Include="Math\MathUtils.cpp">
      <Filter>Engine\Math</Filter>
    </ClCompile>
    <ClCompile Include="Time\Time.cpp">
      <Filter>Engine\Time</Filter>
    </ClCompile>
    <ClCompile Include="Input\XInputController.cpp">
      <Filter>Engine\Input</Filter>
    </ClCompile>
    <ClCompile Include="Math\Vector2Int.cpp">
      <Filter>Engine\Math</Filter>
    </ClCompile>
    <ClCompile Include="Renderer\AABB2.cpp">
      <Filter>Engine\Renderer</Filter>
    </ClCompile>
    <ClCompile Include="Renderer\RGBA.cpp">
      <Filter>Engine\Renderer</Filter>
    </ClCompile>
    <ClCompile Include="Core\ErrorWarningAssert.cpp">
      <Filter>Engine\Core</Filter>
    </ClCompile>
    <ClCompile Include="Core\StringUtils.cpp">
      <Filter>Engine\Core</Filter>
    </ClCompile>
    <ClCompile Include="Renderer\Texture.cpp">
      <Filter>Engine\Renderer</Filter>
    </ClCompile>
    <ClCompile Include="..\ThirdParty\stb_image.c">
      <Filter>ThirdParty</Filter>
    </ClCompile>
    <ClCompile Include="Renderer\SpriteSheet.cpp">
      <Filter>Engine\Renderer</Filter>
    </ClCompile>
    <ClCompile Include="Renderer\SpriteAnim.cpp">
      <Filter>Engine\Renderer</Filter>
    </ClCompile>
    <ClCompile Include="Audio\Audio.cpp">
      <Filter>Engine\Audio</Filter>
    </ClCompile>
    <ClCompile Include="Input\InputSystem.cpp">
      <Filter>Engine\Input</Filter>
    </ClCompile>
    <ClCompile Include="Math\Vector3.cpp">
      <Filter>Engine\Math</Filter>
    </ClCompile>
    <ClCompile Include="Math\EulerAngles.cpp">
      <Filter>Engine\Math</Filter>
    </ClCompile>
    <ClCompile Include="Renderer\BitmapFont.cpp">
      <Filter>Engine\Renderer</Filter>
    </ClCompile>
    <ClCompile Include="Math\Vector3Int.cpp">
      <Filter>Engine\Math</Filter>
    </ClCompile>
    <ClCompile Include="Renderer\AABB3.cpp">
      <Filter>Engine\Renderer</Filter>
    </ClCompile>
    <ClCompile Include="Renderer\Vertex.cpp">
      <Filter>Engine\Renderer</Filter>
    </ClCompile>
    <ClCompile Include="Math\Noise.cpp">
      <Filter>Engine\Math</Filter>
    </ClCompile>
    <ClCompile Include="Input\InputOutputUtils.cpp">
      <Filter>Engine\Input</Filter>
    </ClCompile>
    <ClCompile Include="Renderer\Face.cpp">
      <Filter>Engine\Renderer</Filter>
    </ClCompile>
    <ClCompile Include="Renderer\OpenGLExtensions.cpp">
      <Filter>Engine\Renderer</Filter>
    </ClCompile>
    <ClCompile Include="Core\ProfilingUtils.cpp">
      <Filter>Engine\Core</Filter>
    </ClCompile>
    <ClCompile Include="Renderer\DebugRenderer.cpp">
      <Filter>Engine\Renderer</Filter>
    </ClCompile>
    <ClCompile Include="Input\Console.cpp">
      <Filter>Engine\Input</Filter>
    </ClCompile>
    <ClCompile Include="Renderer\Renderer.cpp">
      <Filter>Engine\Renderer</Filter>
    </ClCompile>
    <ClCompile Include="Renderer\ShaderProgram.cpp">
      <Filter>Engine\Renderer</Filter>
    </ClCompile>
    <ClCompile Include="Math\Vector4.cpp">
      <Filter>Engine\Math</Filter>
    </ClCompile>
    <ClCompile Include="Math\Matrix4x4.cpp">
      <Filter>Engine\Math</Filter>
    </ClCompile>
    <ClCompile Include="Renderer\Mesh.cpp">
      <Filter>Engine\Renderer</Filter>
    </ClCompile>
    <ClCompile Include="Renderer\Material.cpp">
      <Filter>Engine\Renderer</Filter>
    </ClCompile>
    <ClCompile Include="Renderer\MeshRenderer.cpp">
      <Filter>Engine\Renderer</Filter>
    </ClCompile>
    <ClCompile Include="Math\MathUtilities.cpp">
      <Filter>Engine\Math</Filter>
    </ClCompile>
    <ClCompile Include="Renderer\Light.cpp">
      <Filter>Engine\Renderer</Filter>
    </ClCompile>
    <ClCompile Include="Renderer\Framebuffer.cpp">
      <Filter>Engine\Renderer</Filter>
    </ClCompile>
    <ClCompile Include="Tools\fbx.cpp">
      <Filter>Engine\Tools</Filter>
    </ClCompile>
    <ClCompile Include="Renderer\MeshBuilder.cpp">
      <Filter>Engine\Renderer</Filter>
    </ClCompile>
    <ClCompile Include="Math\MatrixStack4x4.cpp">
      <Filter>Engine\Math</Filter>
    </ClCompile>
    <ClCompile Include="..\ThirdParty\Parsers\XMLParser.cpp">
      <Filter>ThirdParty\Parsers</Filter>
    </ClCompile>
    <ClCompile Include="Input\XMLUtils.cpp">
      <Filter>Engine\Input</Filter>
    </ClCompile>
    <ClCompile Include="Input\BinaryReader.cpp">
      <Filter>Engine\Input</Filter>
    </ClCompile>
    <ClCompile Include="Input\BinaryWriter.cpp">
      <Filter>Engine\Input</Filter>
    </ClCompile>
    <ClCompile Include="Renderer\Skeleton.cpp">
      <Filter>Engine\Renderer</Filter>
    </ClCompile>
    <ClCompile Include="TextRendering\TextEffect.cpp">
      <Filter>Engine\TextRendering</Filter>
    </ClCompile>
    <ClCompile Include="TextRendering\StringEffectFragment.cpp">
      <Filter>Engine\TextRendering</Filter>
    </ClCompile>
    <ClCompile Include="TextRendering\TextBox.cpp">
      <Filter>Engine\TextRendering</Filter>
    </ClCompile>
    <ClCompile Include="Renderer\AnimationMotion.cpp" />
    <ClCompile Include="Math\Vector4Int.cpp">
      <Filter>Engine\Math</Filter>
    </ClCompile>
    <ClCompile Include="Math\Dice.cpp">
      <Filter>Engine\Math</Filter>
    </ClCompile>
    <ClCompile Include="Core\Memory\MemoryTracking.cpp">
      <Filter>Engine\Core\Memory</Filter>
    </ClCompile>
    <ClCompile Include="Core\Memory\Callstack.cpp">
      <Filter>Engine\Core\Memory</Filter>
    </ClCompile>
    <ClCompile Include="Core\Memory\MemoryOutputWindow.cpp">
      <Filter>Engine\Core\Memory</Filter>
    </ClCompile>
    <ClCompile Include="Input\Logging.cpp">
      <Filter>Engine\Input</Filter>
    </ClCompile>
  </ItemGroup>
  <ItemGroup>
    <ClInclude Include="Math\Vector2.hpp">
      <Filter>Engine\Math</Filter>
    </ClInclude>
    <ClInclude Include="Math\MathUtils.hpp">
      <Filter>Engine\Math</Filter>
    </ClInclude>
    <ClInclude Include="Time\Time.hpp">
      <Filter>Engine\Time</Filter>
    </ClInclude>
    <ClInclude Include="Input\XInputController.hpp">
      <Filter>Engine\Input</Filter>
    </ClInclude>
    <ClInclude Include="Math\Vector2Int.hpp">
      <Filter>Engine\Math</Filter>
    </ClInclude>
    <ClInclude Include="Renderer\AABB2.hpp">
      <Filter>Engine\Renderer</Filter>
    </ClInclude>
    <ClInclude Include="Renderer\RGBA.hpp">
      <Filter>Engine\Renderer</Filter>
    </ClInclude>
    <ClInclude Include="Core\ErrorWarningAssert.hpp">
      <Filter>Engine\Core</Filter>
    </ClInclude>
    <ClInclude Include="Core\StringUtils.hpp">
      <Filter>Engine\Core</Filter>
    </ClInclude>
    <ClInclude Include="Renderer\Texture.hpp">
      <Filter>Engine\Renderer</Filter>
    </ClInclude>
    <ClInclude Include="Renderer\SpriteSheet.hpp">
      <Filter>Engine\Renderer</Filter>
    </ClInclude>
    <ClInclude Include="Renderer\SpriteAnim.hpp">
      <Filter>Engine\Renderer</Filter>
    </ClInclude>
    <ClInclude Include="Audio\Audio.hpp">
      <Filter>Engine\Audio</Filter>
    </ClInclude>
    <ClInclude Include="Input\InputSystem.hpp">
      <Filter>Engine\Input</Filter>
    </ClInclude>
    <ClInclude Include="Math\Vector3.hpp">
      <Filter>Engine\Math</Filter>
    </ClInclude>
    <ClInclude Include="Math\EulerAngles.hpp">
      <Filter>Engine\Math</Filter>
    </ClInclude>
    <ClInclude Include="Renderer\BitmapFont.hpp">
      <Filter>Engine\Renderer</Filter>
    </ClInclude>
    <ClInclude Include="Math\Vector3Int.hpp">
      <Filter>Engine\Math</Filter>
    </ClInclude>
    <ClInclude Include="Renderer\AABB3.hpp">
      <Filter>Engine\Renderer</Filter>
    </ClInclude>
    <ClInclude Include="Renderer\Vertex.hpp">
      <Filter>Engine\Renderer</Filter>
    </ClInclude>
    <ClInclude Include="Math\Noise.hpp">
      <Filter>Engine\Math</Filter>
    </ClInclude>
    <ClInclude Include="Input\InputOutputUtils.hpp">
      <Filter>Engine\Input</Filter>
    </ClInclude>
    <ClInclude Include="Renderer\Face.hpp">
      <Filter>Engine\Renderer</Filter>
    </ClInclude>
    <ClInclude Include="..\ThirdParty\OpenGL\glext.h">
      <Filter>Engine\Renderer</Filter>
    </ClInclude>
    <ClInclude Include="..\ThirdParty\OpenGL\wglext.h">
      <Filter>Engine\Renderer</Filter>
    </ClInclude>
    <ClInclude Include="Renderer\OpenGLExtensions.hpp">
      <Filter>Engine\Renderer</Filter>
    </ClInclude>
    <ClInclude Include="Core\ProfilingUtils.h">
      <Filter>Engine\Core</Filter>
    </ClInclude>
    <ClInclude Include="Renderer\DebugRenderer.hpp">
      <Filter>Engine\Renderer</Filter>
    </ClInclude>
    <ClInclude Include="Input\Console.hpp">
      <Filter>Engine\Input</Filter>
    </ClInclude>
    <ClInclude Include="Renderer\Renderer.hpp">
      <Filter>Engine\Renderer</Filter>
    </ClInclude>
    <ClInclude Include="Renderer\ShaderProgram.hpp">
      <Filter>Engine\Renderer</Filter>
    </ClInclude>
    <ClInclude Include="Math\Vector4.hpp">
      <Filter>Engine\Math</Filter>
    </ClInclude>
    <ClInclude Include="Math\Matrix4x4.hpp">
      <Filter>Engine\Math</Filter>
    </ClInclude>
    <ClInclude Include="Renderer\Mesh.hpp">
      <Filter>Engine\Renderer</Filter>
    </ClInclude>
    <ClInclude Include="Renderer\Material.hpp">
      <Filter>Engine\Renderer</Filter>
    </ClInclude>
    <ClInclude Include="Renderer\MeshRenderer.hpp">
      <Filter>Engine\Renderer</Filter>
    </ClInclude>
    <ClInclude Include="Math\MathUtilities.hpp">
      <Filter>Engine\Math</Filter>
    </ClInclude>
    <ClInclude Include="Renderer\Light.hpp">
      <Filter>Engine\Renderer</Filter>
    </ClInclude>
    <ClInclude Include="Renderer\Framebuffer.hpp">
      <Filter>Engine\Renderer</Filter>
    </ClInclude>
    <ClInclude Include="Tools\fbx.hpp">
      <Filter>Engine\Tools</Filter>
    </ClInclude>
    <ClInclude Include="Renderer\MeshBuilder.hpp">
      <Filter>Engine\Renderer</Filter>
    </ClInclude>
    <ClInclude Include="Math\MatrixStack4x4.hpp">
      <Filter>Engine\Math</Filter>
    </ClInclude>
    <ClInclude Include="..\ThirdParty\Parsers\XMLParser.hpp">
      <Filter>ThirdParty\Parsers</Filter>
    </ClInclude>
    <ClInclude Include="Input\XMLUtils.hpp">
      <Filter>Engine\Input</Filter>
    </ClInclude>
    <ClInclude Include="Input\BinaryWriter.hpp">
      <Filter>Engine\Input</Filter>
    </ClInclude>
    <ClInclude Include="Input\BinaryReader.hpp">
      <Filter>Engine\Input</Filter>
    </ClInclude>
    <ClInclude Include="Renderer\Skeleton.hpp">
      <Filter>Engine\Renderer</Filter>
    </ClInclude>
    <ClInclude Include="TextRendering\TextEffect.hpp">
      <Filter>Engine\TextRendering</Filter>
    </ClInclude>
    <ClInclude Include="TextRendering\StringEffectFragment.hpp">
      <Filter>Engine\TextRendering</Filter>
    </ClInclude>
    <ClInclude Include="TextRendering\TextBox.hpp">
      <Filter>Engine\TextRendering</Filter>
    </ClInclude>
    <ClInclude Include="Renderer\AnimationMotion.hpp" />
    <ClInclude Include="Math\Vector4Int.hpp">
      <Filter>Engine\Math</Filter>
    </ClInclude>
    <ClInclude Include="Math\Dice.hpp">
      <Filter>Engine\Math</Filter>
    </ClInclude>
    <ClInclude Include="Core\BuildConfig.hpp">
      <Filter>Engine\Core</Filter>
    </ClInclude>
    <ClInclude Include="Core\Memory\MemoryTracking.hpp">
      <Filter>Engine\Core\Memory</Filter>
    </ClInclude>
    <ClInclude Include="Core\Memory\Callstack.hpp">
      <Filter>Engine\Core\Memory</Filter>
    </ClInclude>
    <ClInclude Include="Core\Memory\UntrackedAllocator.hpp">
      <Filter>Engine\Core\Memory</Filter>
    </ClInclude>
    <ClInclude Include="Core\Memory\MemoryOutputWindow.hpp">
      <Filter>Engine\Core\Memory</Filter>
    </ClInclude>
    <ClInclude Include="Input\Logging.hpp">
      <Filter>Engine\Input</Filter>
    </ClInclude>
  </ItemGroup>
</Project>